{
  "object": {
    "pins": [
      {
        "package": "Core",
        "repositoryURL": "https://github.com/vapor/core.git",
        "state": {
          "branch": null,
          "revision": "57368d4092f92df3131e5968c8ed24a3c7361ec0",
          "version": "3.8.1"
        }
      },
      {
        "package": "Down",
        "repositoryURL": "https://github.com/raheelahmad/Down",
        "state": {
          "branch": "master",
          "revision": "754475eb2f4d2a21fd199ede3e505b52688fe89a",
          "version": null
        }
      },
      {
        "package": "Leaf",
        "repositoryURL": "https://github.com/vapor/Leaf",
        "state": {
          "branch": null,
          "revision": "d35f54cbac723e673f9bd5078361eea74049c8d7",
          "version": "3.0.2"
        }
      },
      {
        "package": "Service",
        "repositoryURL": "https://github.com/vapor/service.git",
        "state": {
          "branch": null,
          "revision": "fa5b5de62bd68bcde9a69933f31319e46c7275fb",
          "version": "1.0.2"
        }
      },
      {
        "package": "swift-nio",
        "repositoryURL": "https://github.com/apple/swift-nio.git",
        "state": {
          "branch": null,
          "revision": "02c11d900794b52b9320916579a074eeb1376f39",
          "version": "1.14.0"
        }
      },
      {
        "package": "swift-nio-zlib-support",
        "repositoryURL": "https://github.com/apple/swift-nio-zlib-support.git",
        "state": {
          "branch": null,
          "revision": "37760e9a52030bb9011972c5213c3350fa9d41fd",
          "version": "1.0.0"
        }
      },
      {
        "package": "SwiftPM",
        "repositoryURL": "https://github.com/apple/swift-package-manager.git",
        "state": {
          "branch": null,
          "revision": "235aacc514cb81a6881364b0fedcb3dd083228f3",
          "version": "0.3.0"
        }
      },
      {
        "package": "TemplateKit",
        "repositoryURL": "https://github.com/vapor/template-kit.git",
        "state": {
          "branch": null,
          "revision": "4b1073d74be9f5c6a5bc63a07a84e83efec26229",
          "version": "1.1.2"
        }
      }
    ]
  },
  "version": 1
}
