{
  "object": {
    "pins": [
      {
        "package": "Core",
        "repositoryURL": "https://github.com/vapor/core.git",
        "state": {
          "branch": null,
          "revision": "96ce86ebf9198328795c4b9cb711489460be083c",
          "version": "3.4.4"
        }
      },
      {
        "package": "Down",
        "repositoryURL": "https://github.com/raheelahmad/Down",
        "state": {
          "branch": "master",
          "revision": "754475eb2f4d2a21fd199ede3e505b52688fe89a",
          "version": null
        }
      },
      {
        "package": "Leaf",
        "repositoryURL": "https://github.com/vapor/Leaf",
        "state": {
          "branch": null,
          "revision": "d35f54cbac723e673f9bd5078361eea74049c8d7",
          "version": "3.0.2"
        }
      },
      {
        "package": "Service",
        "repositoryURL": "https://github.com/vapor/service.git",
        "state": {
          "branch": null,
          "revision": "281a70b69783891900be31a9e70051b6fe19e146",
          "version": "1.0.0"
        }
      },
      {
        "package": "swift-nio",
        "repositoryURL": "https://github.com/apple/swift-nio.git",
        "state": {
          "branch": null,
          "revision": "035962e6b6e03c8721a91a9b96dc084289795cb4",
          "version": "1.11.0"
        }
      },
      {
        "package": "swift-nio-zlib-support",
        "repositoryURL": "https://github.com/apple/swift-nio-zlib-support.git",
        "state": {
          "branch": null,
          "revision": "37760e9a52030bb9011972c5213c3350fa9d41fd",
          "version": "1.0.0"
        }
      },
      {
        "package": "SwiftPM",
        "repositoryURL": "https://github.com/apple/swift-package-manager.git",
        "state": {
          "branch": null,
          "revision": "235aacc514cb81a6881364b0fedcb3dd083228f3",
          "version": "0.3.0"
        }
      },
      {
        "package": "TemplateKit",
        "repositoryURL": "https://github.com/vapor/template-kit.git",
        "state": {
          "branch": null,
          "revision": "aff2d6fc65bfd04579b0201b31a8d6720239c1cf",
          "version": "1.1.1"
        }
      }
    ]
  },
  "version": 1
}
